
Microsoft Visual Studio Solution File, Format Version 12.00
# Visual Studio 14
VisualStudioVersion = 14.0.25420.1
MinimumVisualStudioVersion = 10.0.40219.1
Project("{FAE04EC0-301F-11D3-BF4B-00C04F79EFBC}") = "XamlTestApplication.Droid", "XamlTestApplication\XamlTestApplication.Droid\XamlTestApplication.Droid.csproj", "{D62CBD83-0D0A-4B92-B4D0-7395083B0C49}"
EndProject
Project("{FAE04EC0-301F-11D3-BF4B-00C04F79EFBC}") = "XamlTestApplication.iOS", "XamlTestApplication\XamlTestApplication.iOS\XamlTestApplication.iOS.csproj", "{7D872890-BC25-41C2-94F4-C4424AF1E2DE}"
EndProject
Project("{FAE04EC0-301F-11D3-BF4B-00C04F79EFBC}") = "XamlTestApplication.WinPhone", "XamlTestApplication\XamlTestApplication.WinPhone\XamlTestApplication.WinPhone.csproj", "{4FB5F5AC-C4D6-48C4-A7C9-2ED644345C6C}"
EndProject
Project("{FAE04EC0-301F-11D3-BF4B-00C04F79EFBC}") = "XamlTestApplication.Windows", "XamlTestApplication\XamlTestApplication.Windows\XamlTestApplication.Windows.csproj", "{FEECE97F-801C-41D0-9B5E-4AEDE8A14F4C}"
EndProject
Project("{FAE04EC0-301F-11D3-BF4B-00C04F79EFBC}") = "XamlTestApplication", "XamlTestApplication\XamlTestApplication\XamlTestApplication.csproj", "{66CD127A-F471-4AFD-AA30-6624CDDCF56F}"
EndProject
Global
	GlobalSection(SolutionConfigurationPlatforms) = preSolution
		Ad-Hoc|Any CPU = Ad-Hoc|Any CPU
		Ad-Hoc|ARM = Ad-Hoc|ARM
		Ad-Hoc|iPhone = Ad-Hoc|iPhone
		Ad-Hoc|iPhoneSimulator = Ad-Hoc|iPhoneSimulator
		Ad-Hoc|x64 = Ad-Hoc|x64
		Ad-Hoc|x86 = Ad-Hoc|x86
		AppStore|Any CPU = AppStore|Any CPU
		AppStore|ARM = AppStore|ARM
		AppStore|iPhone = AppStore|iPhone
		AppStore|iPhoneSimulator = AppStore|iPhoneSimulator
		AppStore|x64 = AppStore|x64
		AppStore|x86 = AppStore|x86
		Debug|Any CPU = Debug|Any CPU
		Debug|ARM = Debug|ARM
		Debug|iPhone = Debug|iPhone
		Debug|iPhoneSimulator = Debug|iPhoneSimulator
		Debug|x64 = Debug|x64
		Debug|x86 = Debug|x86
		Release|Any CPU = Release|Any CPU
		Release|ARM = Release|ARM
		Release|iPhone = Release|iPhone
		Release|iPhoneSimulator = Release|iPhoneSimulator
		Release|x64 = Release|x64
		Release|x86 = Release|x86
	EndGlobalSection
	GlobalSection(ProjectConfigurationPlatforms) = postSolution
		{D62CBD83-0D0A-4B92-B4D0-7395083B0C49}.Ad-Hoc|Any CPU.ActiveCfg = Release|Any CPU
		{D62CBD83-0D0A-4B92-B4D0-7395083B0C49}.Ad-Hoc|Any CPU.Build.0 = Release|Any CPU
		{D62CBD83-0D0A-4B92-B4D0-7395083B0C49}.Ad-Hoc|Any CPU.Deploy.0 = Release|Any CPU
		{D62CBD83-0D0A-4B92-B4D0-7395083B0C49}.Ad-Hoc|ARM.ActiveCfg = Release|Any CPU
		{D62CBD83-0D0A-4B92-B4D0-7395083B0C49}.Ad-Hoc|ARM.Build.0 = Release|Any CPU
		{D62CBD83-0D0A-4B92-B4D0-7395083B0C49}.Ad-Hoc|ARM.Deploy.0 = Release|Any CPU
		{D62CBD83-0D0A-4B92-B4D0-7395083B0C49}.Ad-Hoc|iPhone.ActiveCfg = Release|Any CPU
		{D62CBD83-0D0A-4B92-B4D0-7395083B0C49}.Ad-Hoc|iPhone.Build.0 = Release|Any CPU
		{D62CBD83-0D0A-4B92-B4D0-7395083B0C49}.Ad-Hoc|iPhone.Deploy.0 = Release|Any CPU
		{D62CBD83-0D0A-4B92-B4D0-7395083B0C49}.Ad-Hoc|iPhoneSimulator.ActiveCfg = Release|Any CPU
		{D62CBD83-0D0A-4B92-B4D0-7395083B0C49}.Ad-Hoc|iPhoneSimulator.Build.0 = Release|Any CPU
		{D62CBD83-0D0A-4B92-B4D0-7395083B0C49}.Ad-Hoc|iPhoneSimulator.Deploy.0 = Release|Any CPU
		{D62CBD83-0D0A-4B92-B4D0-7395083B0C49}.Ad-Hoc|x64.ActiveCfg = Release|Any CPU
		{D62CBD83-0D0A-4B92-B4D0-7395083B0C49}.Ad-Hoc|x64.Build.0 = Release|Any CPU
		{D62CBD83-0D0A-4B92-B4D0-7395083B0C49}.Ad-Hoc|x64.Deploy.0 = Release|Any CPU
		{D62CBD83-0D0A-4B92-B4D0-7395083B0C49}.Ad-Hoc|x86.ActiveCfg = Release|Any CPU
		{D62CBD83-0D0A-4B92-B4D0-7395083B0C49}.Ad-Hoc|x86.Build.0 = Release|Any CPU
		{D62CBD83-0D0A-4B92-B4D0-7395083B0C49}.Ad-Hoc|x86.Deploy.0 = Release|Any CPU
		{D62CBD83-0D0A-4B92-B4D0-7395083B0C49}.AppStore|Any CPU.ActiveCfg = Release|Any CPU
		{D62CBD83-0D0A-4B92-B4D0-7395083B0C49}.AppStore|Any CPU.Build.0 = Release|Any CPU
		{D62CBD83-0D0A-4B92-B4D0-7395083B0C49}.AppStore|Any CPU.Deploy.0 = Release|Any CPU
		{D62CBD83-0D0A-4B92-B4D0-7395083B0C49}.AppStore|ARM.ActiveCfg = Release|Any CPU
		{D62CBD83-0D0A-4B92-B4D0-7395083B0C49}.AppStore|ARM.Build.0 = Release|Any CPU
		{D62CBD83-0D0A-4B92-B4D0-7395083B0C49}.AppStore|ARM.Deploy.0 = Release|Any CPU
		{D62CBD83-0D0A-4B92-B4D0-7395083B0C49}.AppStore|iPhone.ActiveCfg = Release|Any CPU
		{D62CBD83-0D0A-4B92-B4D0-7395083B0C49}.AppStore|iPhone.Build.0 = Release|Any CPU
		{D62CBD83-0D0A-4B92-B4D0-7395083B0C49}.AppStore|iPhone.Deploy.0 = Release|Any CPU
		{D62CBD83-0D0A-4B92-B4D0-7395083B0C49}.AppStore|iPhoneSimulator.ActiveCfg = Release|Any CPU
		{D62CBD83-0D0A-4B92-B4D0-7395083B0C49}.AppStore|iPhoneSimulator.Build.0 = Release|Any CPU
		{D62CBD83-0D0A-4B92-B4D0-7395083B0C49}.AppStore|iPhoneSimulator.Deploy.0 = Release|Any CPU
		{D62CBD83-0D0A-4B92-B4D0-7395083B0C49}.AppStore|x64.ActiveCfg = Release|Any CPU
		{D62CBD83-0D0A-4B92-B4D0-7395083B0C49}.AppStore|x64.Build.0 = Release|Any CPU
		{D62CBD83-0D0A-4B92-B4D0-7395083B0C49}.AppStore|x64.Deploy.0 = Release|Any CPU
		{D62CBD83-0D0A-4B92-B4D0-7395083B0C49}.AppStore|x86.ActiveCfg = Release|Any CPU
		{D62CBD83-0D0A-4B92-B4D0-7395083B0C49}.AppStore|x86.Build.0 = Release|Any CPU
		{D62CBD83-0D0A-4B92-B4D0-7395083B0C49}.AppStore|x86.Deploy.0 = Release|Any CPU
		{D62CBD83-0D0A-4B92-B4D0-7395083B0C49}.Debug|Any CPU.ActiveCfg = Debug|Any CPU
		{D62CBD83-0D0A-4B92-B4D0-7395083B0C49}.Debug|Any CPU.Build.0 = Debug|Any CPU
		{D62CBD83-0D0A-4B92-B4D0-7395083B0C49}.Debug|Any CPU.Deploy.0 = Debug|Any CPU
		{D62CBD83-0D0A-4B92-B4D0-7395083B0C49}.Debug|ARM.ActiveCfg = Debug|Any CPU
		{D62CBD83-0D0A-4B92-B4D0-7395083B0C49}.Debug|ARM.Build.0 = Debug|Any CPU
		{D62CBD83-0D0A-4B92-B4D0-7395083B0C49}.Debug|ARM.Deploy.0 = Debug|Any CPU
		{D62CBD83-0D0A-4B92-B4D0-7395083B0C49}.Debug|iPhone.ActiveCfg = Debug|Any CPU
		{D62CBD83-0D0A-4B92-B4D0-7395083B0C49}.Debug|iPhone.Build.0 = Debug|Any CPU
		{D62CBD83-0D0A-4B92-B4D0-7395083B0C49}.Debug|iPhone.Deploy.0 = Debug|Any CPU
		{D62CBD83-0D0A-4B92-B4D0-7395083B0C49}.Debug|iPhoneSimulator.ActiveCfg = Debug|Any CPU
		{D62CBD83-0D0A-4B92-B4D0-7395083B0C49}.Debug|iPhoneSimulator.Build.0 = Debug|Any CPU
		{D62CBD83-0D0A-4B92-B4D0-7395083B0C49}.Debug|iPhoneSimulator.Deploy.0 = Debug|Any CPU
		{D62CBD83-0D0A-4B92-B4D0-7395083B0C49}.Debug|x64.ActiveCfg = Debug|Any CPU
		{D62CBD83-0D0A-4B92-B4D0-7395083B0C49}.Debug|x64.Build.0 = Debug|Any CPU
		{D62CBD83-0D0A-4B92-B4D0-7395083B0C49}.Debug|x64.Deploy.0 = Debug|Any CPU
		{D62CBD83-0D0A-4B92-B4D0-7395083B0C49}.Debug|x86.ActiveCfg = Debug|Any CPU
		{D62CBD83-0D0A-4B92-B4D0-7395083B0C49}.Debug|x86.Build.0 = Debug|Any CPU
		{D62CBD83-0D0A-4B92-B4D0-7395083B0C49}.Debug|x86.Deploy.0 = Debug|Any CPU
		{D62CBD83-0D0A-4B92-B4D0-7395083B0C49}.Release|Any CPU.ActiveCfg = Release|Any CPU
		{D62CBD83-0D0A-4B92-B4D0-7395083B0C49}.Release|Any CPU.Build.0 = Release|Any CPU
		{D62CBD83-0D0A-4B92-B4D0-7395083B0C49}.Release|Any CPU.Deploy.0 = Release|Any CPU
		{D62CBD83-0D0A-4B92-B4D0-7395083B0C49}.Release|ARM.ActiveCfg = Release|Any CPU
		{D62CBD83-0D0A-4B92-B4D0-7395083B0C49}.Release|ARM.Build.0 = Release|Any CPU
		{D62CBD83-0D0A-4B92-B4D0-7395083B0C49}.Release|ARM.Deploy.0 = Release|Any CPU
		{D62CBD83-0D0A-4B92-B4D0-7395083B0C49}.Release|iPhone.ActiveCfg = Release|Any CPU
		{D62CBD83-0D0A-4B92-B4D0-7395083B0C49}.Release|iPhone.Build.0 = Release|Any CPU
		{D62CBD83-0D0A-4B92-B4D0-7395083B0C49}.Release|iPhone.Deploy.0 = Release|Any CPU
		{D62CBD83-0D0A-4B92-B4D0-7395083B0C49}.Release|iPhoneSimulator.ActiveCfg = Release|Any CPU
		{D62CBD83-0D0A-4B92-B4D0-7395083B0C49}.Release|iPhoneSimulator.Build.0 = Release|Any CPU
		{D62CBD83-0D0A-4B92-B4D0-7395083B0C49}.Release|iPhoneSimulator.Deploy.0 = Release|Any CPU
		{D62CBD83-0D0A-4B92-B4D0-7395083B0C49}.Release|x64.ActiveCfg = Release|Any CPU
		{D62CBD83-0D0A-4B92-B4D0-7395083B0C49}.Release|x64.Build.0 = Release|Any CPU
		{D62CBD83-0D0A-4B92-B4D0-7395083B0C49}.Release|x64.Deploy.0 = Release|Any CPU
		{D62CBD83-0D0A-4B92-B4D0-7395083B0C49}.Release|x86.ActiveCfg = Release|Any CPU
		{D62CBD83-0D0A-4B92-B4D0-7395083B0C49}.Release|x86.Build.0 = Release|Any CPU
		{D62CBD83-0D0A-4B92-B4D0-7395083B0C49}.Release|x86.Deploy.0 = Release|Any CPU
		{7D872890-BC25-41C2-94F4-C4424AF1E2DE}.Ad-Hoc|Any CPU.ActiveCfg = Ad-Hoc|iPhone
		{7D872890-BC25-41C2-94F4-C4424AF1E2DE}.Ad-Hoc|ARM.ActiveCfg = Ad-Hoc|iPhone
		{7D872890-BC25-41C2-94F4-C4424AF1E2DE}.Ad-Hoc|iPhone.ActiveCfg = Ad-Hoc|iPhone
		{7D872890-BC25-41C2-94F4-C4424AF1E2DE}.Ad-Hoc|iPhone.Build.0 = Ad-Hoc|iPhone
		{7D872890-BC25-41C2-94F4-C4424AF1E2DE}.Ad-Hoc|iPhoneSimulator.ActiveCfg = Ad-Hoc|iPhoneSimulator
		{7D872890-BC25-41C2-94F4-C4424AF1E2DE}.Ad-Hoc|iPhoneSimulator.Build.0 = Ad-Hoc|iPhoneSimulator
		{7D872890-BC25-41C2-94F4-C4424AF1E2DE}.Ad-Hoc|x64.ActiveCfg = Ad-Hoc|iPhone
		{7D872890-BC25-41C2-94F4-C4424AF1E2DE}.Ad-Hoc|x86.ActiveCfg = Ad-Hoc|iPhone
		{7D872890-BC25-41C2-94F4-C4424AF1E2DE}.AppStore|Any CPU.ActiveCfg = AppStore|iPhone
		{7D872890-BC25-41C2-94F4-C4424AF1E2DE}.AppStore|ARM.ActiveCfg = AppStore|iPhone
		{7D872890-BC25-41C2-94F4-C4424AF1E2DE}.AppStore|iPhone.ActiveCfg = AppStore|iPhone
		{7D872890-BC25-41C2-94F4-C4424AF1E2DE}.AppStore|iPhone.Build.0 = AppStore|iPhone
		{7D872890-BC25-41C2-94F4-C4424AF1E2DE}.AppStore|iPhoneSimulator.ActiveCfg = AppStore|iPhoneSimulator
		{7D872890-BC25-41C2-94F4-C4424AF1E2DE}.AppStore|iPhoneSimulator.Build.0 = AppStore|iPhoneSimulator
		{7D872890-BC25-41C2-94F4-C4424AF1E2DE}.AppStore|x64.ActiveCfg = AppStore|iPhone
		{7D872890-BC25-41C2-94F4-C4424AF1E2DE}.AppStore|x86.ActiveCfg = AppStore|iPhone
		{7D872890-BC25-41C2-94F4-C4424AF1E2DE}.Debug|Any CPU.ActiveCfg = Debug|iPhone
		{7D872890-BC25-41C2-94F4-C4424AF1E2DE}.Debug|ARM.ActiveCfg = Debug|iPhone
		{7D872890-BC25-41C2-94F4-C4424AF1E2DE}.Debug|iPhone.ActiveCfg = Debug|iPhone
		{7D872890-BC25-41C2-94F4-C4424AF1E2DE}.Debug|iPhone.Build.0 = Debug|iPhone
		{7D872890-BC25-41C2-94F4-C4424AF1E2DE}.Debug|iPhoneSimulator.ActiveCfg = Debug|iPhoneSimulator
		{7D872890-BC25-41C2-94F4-C4424AF1E2DE}.Debug|iPhoneSimulator.Build.0 = Debug|iPhoneSimulator
		{7D872890-BC25-41C2-94F4-C4424AF1E2DE}.Debug|x64.ActiveCfg = Debug|iPhone
		{7D872890-BC25-41C2-94F4-C4424AF1E2DE}.Debug|x86.ActiveCfg = Debug|iPhone
		{7D872890-BC25-41C2-94F4-C4424AF1E2DE}.Release|Any CPU.ActiveCfg = Release|iPhone
		{7D872890-BC25-41C2-94F4-C4424AF1E2DE}.Release|ARM.ActiveCfg = Release|iPhone
		{7D872890-BC25-41C2-94F4-C4424AF1E2DE}.Release|iPhone.ActiveCfg = Release|iPhone
		{7D872890-BC25-41C2-94F4-C4424AF1E2DE}.Release|iPhone.Build.0 = Release|iPhone
		{7D872890-BC25-41C2-94F4-C4424AF1E2DE}.Release|iPhoneSimulator.ActiveCfg = Release|iPhoneSimulator
		{7D872890-BC25-41C2-94F4-C4424AF1E2DE}.Release|iPhoneSimulator.Build.0 = Release|iPhoneSimulator
		{7D872890-BC25-41C2-94F4-C4424AF1E2DE}.Release|x64.ActiveCfg = Release|iPhone
		{7D872890-BC25-41C2-94F4-C4424AF1E2DE}.Release|x86.ActiveCfg = Release|iPhone
		{4FB5F5AC-C4D6-48C4-A7C9-2ED644345C6C}.Ad-Hoc|Any CPU.ActiveCfg = Release|Any CPU
		{4FB5F5AC-C4D6-48C4-A7C9-2ED644345C6C}.Ad-Hoc|Any CPU.Build.0 = Release|Any CPU
		{4FB5F5AC-C4D6-48C4-A7C9-2ED644345C6C}.Ad-Hoc|Any CPU.Deploy.0 = Release|Any CPU
		{4FB5F5AC-C4D6-48C4-A7C9-2ED644345C6C}.Ad-Hoc|ARM.ActiveCfg = Release|ARM
		{4FB5F5AC-C4D6-48C4-A7C9-2ED644345C6C}.Ad-Hoc|ARM.Build.0 = Release|ARM
		{4FB5F5AC-C4D6-48C4-A7C9-2ED644345C6C}.Ad-Hoc|ARM.Deploy.0 = Release|ARM
		{4FB5F5AC-C4D6-48C4-A7C9-2ED644345C6C}.Ad-Hoc|iPhone.ActiveCfg = Release|Any CPU
		{4FB5F5AC-C4D6-48C4-A7C9-2ED644345C6C}.Ad-Hoc|iPhone.Build.0 = Release|Any CPU
		{4FB5F5AC-C4D6-48C4-A7C9-2ED644345C6C}.Ad-Hoc|iPhone.Deploy.0 = Release|Any CPU
		{4FB5F5AC-C4D6-48C4-A7C9-2ED644345C6C}.Ad-Hoc|iPhoneSimulator.ActiveCfg = Release|Any CPU
		{4FB5F5AC-C4D6-48C4-A7C9-2ED644345C6C}.Ad-Hoc|iPhoneSimulator.Build.0 = Release|Any CPU
		{4FB5F5AC-C4D6-48C4-A7C9-2ED644345C6C}.Ad-Hoc|iPhoneSimulator.Deploy.0 = Release|Any CPU
		{4FB5F5AC-C4D6-48C4-A7C9-2ED644345C6C}.Ad-Hoc|x64.ActiveCfg = Release|Any CPU
		{4FB5F5AC-C4D6-48C4-A7C9-2ED644345C6C}.Ad-Hoc|x64.Build.0 = Release|Any CPU
		{4FB5F5AC-C4D6-48C4-A7C9-2ED644345C6C}.Ad-Hoc|x64.Deploy.0 = Release|Any CPU
		{4FB5F5AC-C4D6-48C4-A7C9-2ED644345C6C}.Ad-Hoc|x86.ActiveCfg = Release|x86
		{4FB5F5AC-C4D6-48C4-A7C9-2ED644345C6C}.Ad-Hoc|x86.Build.0 = Release|x86
		{4FB5F5AC-C4D6-48C4-A7C9-2ED644345C6C}.Ad-Hoc|x86.Deploy.0 = Release|x86
		{4FB5F5AC-C4D6-48C4-A7C9-2ED644345C6C}.AppStore|Any CPU.ActiveCfg = Release|Any CPU
		{4FB5F5AC-C4D6-48C4-A7C9-2ED644345C6C}.AppStore|Any CPU.Build.0 = Release|Any CPU
		{4FB5F5AC-C4D6-48C4-A7C9-2ED644345C6C}.AppStore|Any CPU.Deploy.0 = Release|Any CPU
		{4FB5F5AC-C4D6-48C4-A7C9-2ED644345C6C}.AppStore|ARM.ActiveCfg = Release|ARM
		{4FB5F5AC-C4D6-48C4-A7C9-2ED644345C6C}.AppStore|ARM.Build.0 = Release|ARM
		{4FB5F5AC-C4D6-48C4-A7C9-2ED644345C6C}.AppStore|ARM.Deploy.0 = Release|ARM
		{4FB5F5AC-C4D6-48C4-A7C9-2ED644345C6C}.AppStore|iPhone.ActiveCfg = Release|Any CPU
		{4FB5F5AC-C4D6-48C4-A7C9-2ED644345C6C}.AppStore|iPhone.Build.0 = Release|Any CPU
		{4FB5F5AC-C4D6-48C4-A7C9-2ED644345C6C}.AppStore|iPhone.Deploy.0 = Release|Any CPU
		{4FB5F5AC-C4D6-48C4-A7C9-2ED644345C6C}.AppStore|iPhoneSimulator.ActiveCfg = Release|Any CPU
		{4FB5F5AC-C4D6-48C4-A7C9-2ED644345C6C}.AppStore|iPhoneSimulator.Build.0 = Release|Any CPU
		{4FB5F5AC-C4D6-48C4-A7C9-2ED644345C6C}.AppStore|iPhoneSimulator.Deploy.0 = Release|Any CPU
		{4FB5F5AC-C4D6-48C4-A7C9-2ED644345C6C}.AppStore|x64.ActiveCfg = Release|Any CPU
		{4FB5F5AC-C4D6-48C4-A7C9-2ED644345C6C}.AppStore|x64.Build.0 = Release|Any CPU
		{4FB5F5AC-C4D6-48C4-A7C9-2ED644345C6C}.AppStore|x64.Deploy.0 = Release|Any CPU
		{4FB5F5AC-C4D6-48C4-A7C9-2ED644345C6C}.AppStore|x86.ActiveCfg = Release|x86
		{4FB5F5AC-C4D6-48C4-A7C9-2ED644345C6C}.AppStore|x86.Build.0 = Release|x86
		{4FB5F5AC-C4D6-48C4-A7C9-2ED644345C6C}.AppStore|x86.Deploy.0 = Release|x86
		{4FB5F5AC-C4D6-48C4-A7C9-2ED644345C6C}.Debug|Any CPU.ActiveCfg = Debug|Any CPU
		{4FB5F5AC-C4D6-48C4-A7C9-2ED644345C6C}.Debug|Any CPU.Build.0 = Debug|Any CPU
		{4FB5F5AC-C4D6-48C4-A7C9-2ED644345C6C}.Debug|Any CPU.Deploy.0 = Debug|Any CPU
		{4FB5F5AC-C4D6-48C4-A7C9-2ED644345C6C}.Debug|ARM.ActiveCfg = Debug|ARM
		{4FB5F5AC-C4D6-48C4-A7C9-2ED644345C6C}.Debug|ARM.Build.0 = Debug|ARM
		{4FB5F5AC-C4D6-48C4-A7C9-2ED644345C6C}.Debug|ARM.Deploy.0 = Debug|ARM
		{4FB5F5AC-C4D6-48C4-A7C9-2ED644345C6C}.Debug|iPhone.ActiveCfg = Debug|Any CPU
		{4FB5F5AC-C4D6-48C4-A7C9-2ED644345C6C}.Debug|iPhone.Build.0 = Debug|Any CPU
		{4FB5F5AC-C4D6-48C4-A7C9-2ED644345C6C}.Debug|iPhone.Deploy.0 = Debug|Any CPU
		{4FB5F5AC-C4D6-48C4-A7C9-2ED644345C6C}.Debug|iPhoneSimulator.ActiveCfg = Debug|Any CPU
		{4FB5F5AC-C4D6-48C4-A7C9-2ED644345C6C}.Debug|iPhoneSimulator.Build.0 = Debug|Any CPU
		{4FB5F5AC-C4D6-48C4-A7C9-2ED644345C6C}.Debug|iPhoneSimulator.Deploy.0 = Debug|Any CPU
		{4FB5F5AC-C4D6-48C4-A7C9-2ED644345C6C}.Debug|x64.ActiveCfg = Debug|Any CPU
		{4FB5F5AC-C4D6-48C4-A7C9-2ED644345C6C}.Debug|x64.Build.0 = Debug|Any CPU
		{4FB5F5AC-C4D6-48C4-A7C9-2ED644345C6C}.Debug|x64.Deploy.0 = Debug|Any CPU
		{4FB5F5AC-C4D6-48C4-A7C9-2ED644345C6C}.Debug|x86.ActiveCfg = Debug|x86
		{4FB5F5AC-C4D6-48C4-A7C9-2ED644345C6C}.Debug|x86.Build.0 = Debug|x86
		{4FB5F5AC-C4D6-48C4-A7C9-2ED644345C6C}.Debug|x86.Deploy.0 = Debug|x86
		{4FB5F5AC-C4D6-48C4-A7C9-2ED644345C6C}.Release|Any CPU.ActiveCfg = Release|Any CPU
		{4FB5F5AC-C4D6-48C4-A7C9-2ED644345C6C}.Release|Any CPU.Build.0 = Release|Any CPU
		{4FB5F5AC-C4D6-48C4-A7C9-2ED644345C6C}.Release|Any CPU.Deploy.0 = Release|Any CPU
		{4FB5F5AC-C4D6-48C4-A7C9-2ED644345C6C}.Release|ARM.ActiveCfg = Release|ARM
		{4FB5F5AC-C4D6-48C4-A7C9-2ED644345C6C}.Release|ARM.Build.0 = Release|ARM
		{4FB5F5AC-C4D6-48C4-A7C9-2ED644345C6C}.Release|ARM.Deploy.0 = Release|ARM
		{4FB5F5AC-C4D6-48C4-A7C9-2ED644345C6C}.Release|iPhone.ActiveCfg = Release|Any CPU
		{4FB5F5AC-C4D6-48C4-A7C9-2ED644345C6C}.Release|iPhone.Build.0 = Release|Any CPU
		{4FB5F5AC-C4D6-48C4-A7C9-2ED644345C6C}.Release|iPhone.Deploy.0 = Release|Any CPU
		{4FB5F5AC-C4D6-48C4-A7C9-2ED644345C6C}.Release|iPhoneSimulator.ActiveCfg = Release|Any CPU
		{4FB5F5AC-C4D6-48C4-A7C9-2ED644345C6C}.Release|iPhoneSimulator.Build.0 = Release|Any CPU
		{4FB5F5AC-C4D6-48C4-A7C9-2ED644345C6C}.Release|iPhoneSimulator.Deploy.0 = Release|Any CPU
		{4FB5F5AC-C4D6-48C4-A7C9-2ED644345C6C}.Release|x64.ActiveCfg = Release|Any CPU
		{4FB5F5AC-C4D6-48C4-A7C9-2ED644345C6C}.Release|x64.Build.0 = Release|Any CPU
		{4FB5F5AC-C4D6-48C4-A7C9-2ED644345C6C}.Release|x64.Deploy.0 = Release|Any CPU
		{4FB5F5AC-C4D6-48C4-A7C9-2ED644345C6C}.Release|x86.ActiveCfg = Release|x86
		{4FB5F5AC-C4D6-48C4-A7C9-2ED644345C6C}.Release|x86.Build.0 = Release|x86
		{4FB5F5AC-C4D6-48C4-A7C9-2ED644345C6C}.Release|x86.Deploy.0 = Release|x86
		{FEECE97F-801C-41D0-9B5E-4AEDE8A14F4C}.Ad-Hoc|Any CPU.ActiveCfg = Release|Any CPU
		{FEECE97F-801C-41D0-9B5E-4AEDE8A14F4C}.Ad-Hoc|Any CPU.Build.0 = Release|Any CPU
		{FEECE97F-801C-41D0-9B5E-4AEDE8A14F4C}.Ad-Hoc|Any CPU.Deploy.0 = Release|Any CPU
		{FEECE97F-801C-41D0-9B5E-4AEDE8A14F4C}.Ad-Hoc|ARM.ActiveCfg = Release|ARM
		{FEECE97F-801C-41D0-9B5E-4AEDE8A14F4C}.Ad-Hoc|ARM.Build.0 = Release|ARM
		{FEECE97F-801C-41D0-9B5E-4AEDE8A14F4C}.Ad-Hoc|ARM.Deploy.0 = Release|ARM
		{FEECE97F-801C-41D0-9B5E-4AEDE8A14F4C}.Ad-Hoc|iPhone.ActiveCfg = Release|Any CPU
		{FEECE97F-801C-41D0-9B5E-4AEDE8A14F4C}.Ad-Hoc|iPhone.Build.0 = Release|Any CPU
		{FEECE97F-801C-41D0-9B5E-4AEDE8A14F4C}.Ad-Hoc|iPhone.Deploy.0 = Release|Any CPU
		{FEECE97F-801C-41D0-9B5E-4AEDE8A14F4C}.Ad-Hoc|iPhoneSimulator.ActiveCfg = Release|Any CPU
		{FEECE97F-801C-41D0-9B5E-4AEDE8A14F4C}.Ad-Hoc|iPhoneSimulator.Build.0 = Release|Any CPU
		{FEECE97F-801C-41D0-9B5E-4AEDE8A14F4C}.Ad-Hoc|iPhoneSimulator.Deploy.0 = Release|Any CPU
		{FEECE97F-801C-41D0-9B5E-4AEDE8A14F4C}.Ad-Hoc|x64.ActiveCfg = Release|x64
		{FEECE97F-801C-41D0-9B5E-4AEDE8A14F4C}.Ad-Hoc|x64.Build.0 = Release|x64
		{FEECE97F-801C-41D0-9B5E-4AEDE8A14F4C}.Ad-Hoc|x64.Deploy.0 = Release|x64
		{FEECE97F-801C-41D0-9B5E-4AEDE8A14F4C}.Ad-Hoc|x86.ActiveCfg = Release|x86
		{FEECE97F-801C-41D0-9B5E-4AEDE8A14F4C}.Ad-Hoc|x86.Build.0 = Release|x86
		{FEECE97F-801C-41D0-9B5E-4AEDE8A14F4C}.Ad-Hoc|x86.Deploy.0 = Release|x86
		{FEECE97F-801C-41D0-9B5E-4AEDE8A14F4C}.AppStore|Any CPU.ActiveCfg = Release|Any CPU
		{FEECE97F-801C-41D0-9B5E-4AEDE8A14F4C}.AppStore|Any CPU.Build.0 = Release|Any CPU
		{FEECE97F-801C-41D0-9B5E-4AEDE8A14F4C}.AppStore|Any CPU.Deploy.0 = Release|Any CPU
		{FEECE97F-801C-41D0-9B5E-4AEDE8A14F4C}.AppStore|ARM.ActiveCfg = Release|ARM
		{FEECE97F-801C-41D0-9B5E-4AEDE8A14F4C}.AppStore|ARM.Build.0 = Release|ARM
		{FEECE97F-801C-41D0-9B5E-4AEDE8A14F4C}.AppStore|ARM.Deploy.0 = Release|ARM
		{FEECE97F-801C-41D0-9B5E-4AEDE8A14F4C}.AppStore|iPhone.ActiveCfg = Release|Any CPU
		{FEECE97F-801C-41D0-9B5E-4AEDE8A14F4C}.AppStore|iPhone.Build.0 = Release|Any CPU
		{FEECE97F-801C-41D0-9B5E-4AEDE8A14F4C}.AppStore|iPhone.Deploy.0 = Release|Any CPU
		{FEECE97F-801C-41D0-9B5E-4AEDE8A14F4C}.AppStore|iPhoneSimulator.ActiveCfg = Release|Any CPU
		{FEECE97F-801C-41D0-9B5E-4AEDE8A14F4C}.AppStore|iPhoneSimulator.Build.0 = Release|Any CPU
		{FEECE97F-801C-41D0-9B5E-4AEDE8A14F4C}.AppStore|iPhoneSimulator.Deploy.0 = Release|Any CPU
		{FEECE97F-801C-41D0-9B5E-4AEDE8A14F4C}.AppStore|x64.ActiveCfg = Release|x64
		{FEECE97F-801C-41D0-9B5E-4AEDE8A14F4C}.AppStore|x64.Build.0 = Release|x64
		{FEECE97F-801C-41D0-9B5E-4AEDE8A14F4C}.AppStore|x64.Deploy.0 = Release|x64
		{FEECE97F-801C-41D0-9B5E-4AEDE8A14F4C}.AppStore|x86.ActiveCfg = Release|x86
		{FEECE97F-801C-41D0-9B5E-4AEDE8A14F4C}.AppStore|x86.Build.0 = Release|x86
		{FEECE97F-801C-41D0-9B5E-4AEDE8A14F4C}.AppStore|x86.Deploy.0 = Release|x86
		{FEECE97F-801C-41D0-9B5E-4AEDE8A14F4C}.Debug|Any CPU.ActiveCfg = Debug|Any CPU
		{FEECE97F-801C-41D0-9B5E-4AEDE8A14F4C}.Debug|Any CPU.Build.0 = Debug|Any CPU
		{FEECE97F-801C-41D0-9B5E-4AEDE8A14F4C}.Debug|Any CPU.Deploy.0 = Debug|Any CPU
		{FEECE97F-801C-41D0-9B5E-4AEDE8A14F4C}.Debug|ARM.ActiveCfg = Debug|ARM
		{FEECE97F-801C-41D0-9B5E-4AEDE8A14F4C}.Debug|ARM.Build.0 = Debug|ARM
		{FEECE97F-801C-41D0-9B5E-4AEDE8A14F4C}.Debug|ARM.Deploy.0 = Debug|ARM
		{FEECE97F-801C-41D0-9B5E-4AEDE8A14F4C}.Debug|iPhone.ActiveCfg = Debug|Any CPU
		{FEECE97F-801C-41D0-9B5E-4AEDE8A14F4C}.Debug|iPhone.Build.0 = Debug|Any CPU
		{FEECE97F-801C-41D0-9B5E-4AEDE8A14F4C}.Debug|iPhone.Deploy.0 = Debug|Any CPU
		{FEECE97F-801C-41D0-9B5E-4AEDE8A14F4C}.Debug|iPhoneSimulator.ActiveCfg = Debug|Any CPU
		{FEECE97F-801C-41D0-9B5E-4AEDE8A14F4C}.Debug|iPhoneSimulator.Build.0 = Debug|Any CPU
		{FEECE97F-801C-41D0-9B5E-4AEDE8A14F4C}.Debug|iPhoneSimulator.Deploy.0 = Debug|Any CPU
		{FEECE97F-801C-41D0-9B5E-4AEDE8A14F4C}.Debug|x64.ActiveCfg = Debug|x64
		{FEECE97F-801C-41D0-9B5E-4AEDE8A14F4C}.Debug|x64.Build.0 = Debug|x64
		{FEECE97F-801C-41D0-9B5E-4AEDE8A14F4C}.Debug|x64.Deploy.0 = Debug|x64
		{FEECE97F-801C-41D0-9B5E-4AEDE8A14F4C}.Debug|x86.ActiveCfg = Debug|x86
		{FEECE97F-801C-41D0-9B5E-4AEDE8A14F4C}.Debug|x86.Build.0 = Debug|x86
		{FEECE97F-801C-41D0-9B5E-4AEDE8A14F4C}.Debug|x86.Deploy.0 = Debug|x86
		{FEECE97F-801C-41D0-9B5E-4AEDE8A14F4C}.Release|Any CPU.ActiveCfg = Release|Any CPU
		{FEECE97F-801C-41D0-9B5E-4AEDE8A14F4C}.Release|Any CPU.Build.0 = Release|Any CPU
		{FEECE97F-801C-41D0-9B5E-4AEDE8A14F4C}.Release|Any CPU.Deploy.0 = Release|Any CPU
		{FEECE97F-801C-41D0-9B5E-4AEDE8A14F4C}.Release|ARM.ActiveCfg = Release|ARM
		{FEECE97F-801C-41D0-9B5E-4AEDE8A14F4C}.Release|ARM.Build.0 = Release|ARM
		{FEECE97F-801C-41D0-9B5E-4AEDE8A14F4C}.Release|ARM.Deploy.0 = Release|ARM
		{FEECE97F-801C-41D0-9B5E-4AEDE8A14F4C}.Release|iPhone.ActiveCfg = Release|Any CPU
		{FEECE97F-801C-41D0-9B5E-4AEDE8A14F4C}.Release|iPhone.Build.0 = Release|Any CPU
		{FEECE97F-801C-41D0-9B5E-4AEDE8A14F4C}.Release|iPhone.Deploy.0 = Release|Any CPU
		{FEECE97F-801C-41D0-9B5E-4AEDE8A14F4C}.Release|iPhoneSimulator.ActiveCfg = Release|Any CPU
		{FEECE97F-801C-41D0-9B5E-4AEDE8A14F4C}.Release|iPhoneSimulator.Build.0 = Release|Any CPU
		{FEECE97F-801C-41D0-9B5E-4AEDE8A14F4C}.Release|iPhoneSimulator.Deploy.0 = Release|Any CPU
		{FEECE97F-801C-41D0-9B5E-4AEDE8A14F4C}.Release|x64.ActiveCfg = Release|x64
		{FEECE97F-801C-41D0-9B5E-4AEDE8A14F4C}.Release|x64.Build.0 = Release|x64
		{FEECE97F-801C-41D0-9B5E-4AEDE8A14F4C}.Release|x64.Deploy.0 = Release|x64
		{FEECE97F-801C-41D0-9B5E-4AEDE8A14F4C}.Release|x86.ActiveCfg = Release|x86
		{FEECE97F-801C-41D0-9B5E-4AEDE8A14F4C}.Release|x86.Build.0 = Release|x86
		{FEECE97F-801C-41D0-9B5E-4AEDE8A14F4C}.Release|x86.Deploy.0 = Release|x86
		{66CD127A-F471-4AFD-AA30-6624CDDCF56F}.Ad-Hoc|Any CPU.ActiveCfg = Release|Any CPU
		{66CD127A-F471-4AFD-AA30-6624CDDCF56F}.Ad-Hoc|Any CPU.Build.0 = Release|Any CPU
		{66CD127A-F471-4AFD-AA30-6624CDDCF56F}.Ad-Hoc|ARM.ActiveCfg = Release|Any CPU
		{66CD127A-F471-4AFD-AA30-6624CDDCF56F}.Ad-Hoc|ARM.Build.0 = Release|Any CPU
		{66CD127A-F471-4AFD-AA30-6624CDDCF56F}.Ad-Hoc|iPhone.ActiveCfg = Release|Any CPU
		{66CD127A-F471-4AFD-AA30-6624CDDCF56F}.Ad-Hoc|iPhone.Build.0 = Release|Any CPU
		{66CD127A-F471-4AFD-AA30-6624CDDCF56F}.Ad-Hoc|iPhoneSimulator.ActiveCfg = Release|Any CPU
		{66CD127A-F471-4AFD-AA30-6624CDDCF56F}.Ad-Hoc|iPhoneSimulator.Build.0 = Release|Any CPU
		{66CD127A-F471-4AFD-AA30-6624CDDCF56F}.Ad-Hoc|x64.ActiveCfg = Release|Any CPU
		{66CD127A-F471-4AFD-AA30-6624CDDCF56F}.Ad-Hoc|x64.Build.0 = Release|Any CPU
		{66CD127A-F471-4AFD-AA30-6624CDDCF56F}.Ad-Hoc|x86.ActiveCfg = Release|Any CPU
		{66CD127A-F471-4AFD-AA30-6624CDDCF56F}.Ad-Hoc|x86.Build.0 = Release|Any CPU
		{66CD127A-F471-4AFD-AA30-6624CDDCF56F}.AppStore|Any CPU.ActiveCfg = Release|Any CPU
		{66CD127A-F471-4AFD-AA30-6624CDDCF56F}.AppStore|Any CPU.Build.0 = Release|Any CPU
		{66CD127A-F471-4AFD-AA30-6624CDDCF56F}.AppStore|ARM.ActiveCfg = Release|Any CPU
		{66CD127A-F471-4AFD-AA30-6624CDDCF56F}.AppStore|ARM.Build.0 = Release|Any CPU
		{66CD127A-F471-4AFD-AA30-6624CDDCF56F}.AppStore|iPhone.ActiveCfg = Release|Any CPU
		{66CD127A-F471-4AFD-AA30-6624CDDCF56F}.AppStore|iPhone.Build.0 = Release|Any CPU
		{66CD127A-F471-4AFD-AA30-6624CDDCF56F}.AppStore|iPhoneSimulator.ActiveCfg = Release|Any CPU
		{66CD127A-F471-4AFD-AA30-6624CDDCF56F}.AppStore|iPhoneSimulator.Build.0 = Release|Any CPU
		{66CD127A-F471-4AFD-AA30-6624CDDCF56F}.AppStore|x64.ActiveCfg = Release|Any CPU
		{66CD127A-F471-4AFD-AA30-6624CDDCF56F}.AppStore|x64.Build.0 = Release|Any CPU
		{66CD127A-F471-4AFD-AA30-6624CDDCF56F}.AppStore|x86.ActiveCfg = Release|Any CPU
		{66CD127A-F471-4AFD-AA30-6624CDDCF56F}.AppStore|x86.Build.0 = Release|Any CPU
		{66CD127A-F471-4AFD-AA30-6624CDDCF56F}.Debug|Any CPU.ActiveCfg = Debug|Any CPU
		{66CD127A-F471-4AFD-AA30-6624CDDCF56F}.Debug|Any CPU.Build.0 = Debug|Any CPU
		{66CD127A-F471-4AFD-AA30-6624CDDCF56F}.Debug|ARM.ActiveCfg = Debug|Any CPU
		{66CD127A-F471-4AFD-AA30-6624CDDCF56F}.Debug|ARM.Build.0 = Debug|Any CPU
		{66CD127A-F471-4AFD-AA30-6624CDDCF56F}.Debug|iPhone.ActiveCfg = Debug|Any CPU
		{66CD127A-F471-4AFD-AA30-6624CDDCF56F}.Debug|iPhone.Build.0 = Debug|Any CPU
		{66CD127A-F471-4AFD-AA30-6624CDDCF56F}.Debug|iPhoneSimulator.ActiveCfg = Debug|Any CPU
		{66CD127A-F471-4AFD-AA30-6624CDDCF56F}.Debug|iPhoneSimulator.Build.0 = Debug|Any CPU
		{66CD127A-F471-4AFD-AA30-6624CDDCF56F}.Debug|x64.ActiveCfg = Debug|Any CPU
		{66CD127A-F471-4AFD-AA30-6624CDDCF56F}.Debug|x64.Build.0 = Debug|Any CPU
		{66CD127A-F471-4AFD-AA30-6624CDDCF56F}.Debug|x86.ActiveCfg = Debug|Any CPU
		{66CD127A-F471-4AFD-AA30-6624CDDCF56F}.Debug|x86.Build.0 = Debug|Any CPU
		{66CD127A-F471-4AFD-AA30-6624CDDCF56F}.Release|Any CPU.ActiveCfg = Release|Any CPU
		{66CD127A-F471-4AFD-AA30-6624CDDCF56F}.Release|Any CPU.Build.0 = Release|Any CPU
		{66CD127A-F471-4AFD-AA30-6624CDDCF56F}.Release|ARM.ActiveCfg = Release|Any CPU
		{66CD127A-F471-4AFD-AA30-6624CDDCF56F}.Release|ARM.Build.0 = Release|Any CPU
		{66CD127A-F471-4AFD-AA30-6624CDDCF56F}.Release|iPhone.ActiveCfg = Release|Any CPU
		{66CD127A-F471-4AFD-AA30-6624CDDCF56F}.Release|iPhone.Build.0 = Release|Any CPU
		{66CD127A-F471-4AFD-AA30-6624CDDCF56F}.Release|iPhoneSimulator.ActiveCfg = Release|Any CPU
		{66CD127A-F471-4AFD-AA30-6624CDDCF56F}.Release|iPhoneSimulator.Build.0 = Release|Any CPU
		{66CD127A-F471-4AFD-AA30-6624CDDCF56F}.Release|x64.ActiveCfg = Release|Any CPU
		{66CD127A-F471-4AFD-AA30-6624CDDCF56F}.Release|x64.Build.0 = Release|Any CPU
		{66CD127A-F471-4AFD-AA30-6624CDDCF56F}.Release|x86.ActiveCfg = Release|Any CPU
		{66CD127A-F471-4AFD-AA30-6624CDDCF56F}.Release|x86.Build.0 = Release|Any CPU
	EndGlobalSection
	GlobalSection(SolutionProperties) = preSolution
		HideSolutionNode = FALSE
	EndGlobalSection
EndGlobal
